// !$*UTF8*$!
{
	archiveVersion = 1;
	classes = {
	};
	objectVersion = 55;
	objects = {

/* Begin PBXBuildFile section */
		3DC6388C270A2F520000E9FB /* EternitiesMapApp.swift in Sources */ = {isa = PBXBuildFile; fileRef = 3DC6388B270A2F520000E9FB /* EternitiesMapApp.swift */; };
		3DC6388E270A2F520000E9FB /* ContentView.swift in Sources */ = {isa = PBXBuildFile; fileRef = 3DC6388D270A2F520000E9FB /* ContentView.swift */; };
		3DC63890270A2F530000E9FB /* Assets.xcassets in Resources */ = {isa = PBXBuildFile; fileRef = 3DC6388F270A2F530000E9FB /* Assets.xcassets */; };
		3DC63893270A2F530000E9FB /* Preview Assets.xcassets in Resources */ = {isa = PBXBuildFile; fileRef = 3DC63892270A2F530000E9FB /* Preview Assets.xcassets */; };
		3DC6389D270A2F530000E9FB /* EternitiesMapTests.swift in Sources */ = {isa = PBXBuildFile; fileRef = 3DC6389C270A2F530000E9FB /* EternitiesMapTests.swift */; };
		3DC638A7270A2F530000E9FB /* EternitiesMapUITests.swift in Sources */ = {isa = PBXBuildFile; fileRef = 3DC638A6270A2F530000E9FB /* EternitiesMapUITests.swift */; };
/* End PBXBuildFile section */

/* Begin PBXContainerItemProxy section */
		3DC63899270A2F530000E9FB /* PBXContainerItemProxy */ = {
			isa = PBXContainerItemProxy;
			containerPortal = 3DC63880270A2F520000E9FB /* Project object */;
			proxyType = 1;
			remoteGlobalIDString = 3DC63887270A2F520000E9FB;
			remoteInfo = EternitiesMap;
		};
		3DC638A3270A2F530000E9FB /* PBXContainerItemProxy */ = {
			isa = PBXContainerItemProxy;
			containerPortal = 3DC63880270A2F520000E9FB /* Project object */;
			proxyType = 1;
			remoteGlobalIDString = 3DC63887270A2F520000E9FB;
			remoteInfo = EternitiesMap;
		};
/* End PBXContainerItemProxy section */

/* Begin PBXFileReference section */
		3DC63888270A2F520000E9FB /* EternitiesMap.app */ = {isa = PBXFileReference; explicitFileType = wrapper.application; includeInIndex = 0; path = EternitiesMap.app; sourceTree = BUILT_PRODUCTS_DIR; };
		3DC6388B270A2F520000E9FB /* EternitiesMapApp.swift */ = {isa = PBXFileReference; lastKnownFileType = sourcecode.swift; path = EternitiesMapApp.swift; sourceTree = "<group>"; };
		3DC6388D270A2F520000E9FB /* ContentView.swift */ = {isa = PBXFileReference; lastKnownFileType = sourcecode.swift; path = ContentView.swift; sourceTree = "<group>"; };
		3DC6388F270A2F530000E9FB /* Assets.xcassets */ = {isa = PBXFileReference; lastKnownFileType = folder.assetcatalog; path = Assets.xcassets; sourceTree = "<group>"; };
		3DC63892270A2F530000E9FB /* Preview Assets.xcassets */ = {isa = PBXFileReference; lastKnownFileType = folder.assetcatalog; path = "Preview Assets.xcassets"; sourceTree = "<group>"; };
		3DC63898270A2F530000E9FB /* EternitiesMapTests.xctest */ = {isa = PBXFileReference; explicitFileType = wrapper.cfbundle; includeInIndex = 0; path = EternitiesMapTests.xctest; sourceTree = BUILT_PRODUCTS_DIR; };
		3DC6389C270A2F530000E9FB /* EternitiesMapTests.swift */ = {isa = PBXFileReference; lastKnownFileType = sourcecode.swift; path = EternitiesMapTests.swift; sourceTree = "<group>"; };
		3DC638A2270A2F530000E9FB /* EternitiesMapUITests.xctest */ = {isa = PBXFileReference; explicitFileType = wrapper.cfbundle; includeInIndex = 0; path = EternitiesMapUITests.xctest; sourceTree = BUILT_PRODUCTS_DIR; };
		3DC638A6270A2F530000E9FB /* EternitiesMapUITests.swift */ = {isa = PBXFileReference; lastKnownFileType = sourcecode.swift; path = EternitiesMapUITests.swift; sourceTree = "<group>"; };
/* End PBXFileReference section */

/* Begin PBXFrameworksBuildPhase section */
		3DC63885270A2F520000E9FB /* Frameworks */ = {
			isa = PBXFrameworksBuildPhase;
			buildActionMask = 2147483647;
			files = (
			);
			runOnlyForDeploymentPostprocessing = 0;
		};
		3DC63895270A2F530000E9FB /* Frameworks */ = {
			isa = PBXFrameworksBuildPhase;
			buildActionMask = 2147483647;
			files = (
			);
			runOnlyForDeploymentPostprocessing = 0;
		};
		3DC6389F270A2F530000E9FB /* Frameworks */ = {
			isa = PBXFrameworksBuildPhase;
			buildActionMask = 2147483647;
			files = (
			);
			runOnlyForDeploymentPostprocessing = 0;
		};
/* End PBXFrameworksBuildPhase section */

/* Begin PBXGroup section */
		3DC6387F270A2F520000E9FB = {
			isa = PBXGroup;
			children = (
				3DC6388A270A2F520000E9FB /* EternitiesMap */,
				3DC6389B270A2F530000E9FB /* EternitiesMapTests */,
				3DC638A5270A2F530000E9FB /* EternitiesMapUITests */,
				3DC63889270A2F520000E9FB /* Products */,
			);
			sourceTree = "<group>";
		};
		3DC63889270A2F520000E9FB /* Products */ = {
			isa = PBXGroup;
			children = (
				3DC63888270A2F520000E9FB /* EternitiesMap.app */,
				3DC63898270A2F530000E9FB /* EternitiesMapTests.xctest */,
				3DC638A2270A2F530000E9FB /* EternitiesMapUITests.xctest */,
			);
			name = Products;
			sourceTree = "<group>";
		};
		3DC6388A270A2F520000E9FB /* EternitiesMap */ = {
			isa = PBXGroup;
			children = (
				3DC6388B270A2F520000E9FB /* EternitiesMapApp.swift */,
				3DC6388D270A2F520000E9FB /* ContentView.swift */,
				3DC6388F270A2F530000E9FB /* Assets.xcassets */,
				3DC63891270A2F530000E9FB /* Preview Content */,
			);
			path = EternitiesMap;
			sourceTree = "<group>";
		};
		3DC63891270A2F530000E9FB /* Preview Content */ = {
			isa = PBXGroup;
			children = (
				3DC63892270A2F530000E9FB /* Preview Assets.xcassets */,
			);
			path = "Preview Content";
			sourceTree = "<group>";
		};
		3DC6389B270A2F530000E9FB /* EternitiesMapTests */ = {
			isa = PBXGroup;
			children = (
				3DC6389C270A2F530000E9FB /* EternitiesMapTests.swift */,
			);
			path = EternitiesMapTests;
			sourceTree = "<group>";
		};
		3DC638A5270A2F530000E9FB /* EternitiesMapUITests */ = {
			isa = PBXGroup;
			children = (
				3DC638A6270A2F530000E9FB /* EternitiesMapUITests.swift */,
			);
			path = EternitiesMapUITests;
			sourceTree = "<group>";
		};
/* End PBXGroup section */

/* Begin PBXNativeTarget section */
		3DC63887270A2F520000E9FB /* EternitiesMap */ = {
			isa = PBXNativeTarget;
			buildConfigurationList = 3DC638AA270A2F530000E9FB /* Build configuration list for PBXNativeTarget "EternitiesMap" */;
			buildPhases = (
				3DC63884270A2F520000E9FB /* Sources */,
				3DC63885270A2F520000E9FB /* Frameworks */,
				3DC63886270A2F520000E9FB /* Resources */,
			);
			buildRules = (
			);
			dependencies = (
			);
			name = EternitiesMap;
			productName = EternitiesMap;
			productReference = 3DC63888270A2F520000E9FB /* EternitiesMap.app */;
			productType = "com.apple.product-type.application";
		};
		3DC63897270A2F530000E9FB /* EternitiesMapTests */ = {
			isa = PBXNativeTarget;
			buildConfigurationList = 3DC638AD270A2F530000E9FB /* Build configuration list for PBXNativeTarget "EternitiesMapTests" */;
			buildPhases = (
				3DC63894270A2F530000E9FB /* Sources */,
				3DC63895270A2F530000E9FB /* Frameworks */,
				3DC63896270A2F530000E9FB /* Resources */,
			);
			buildRules = (
			);
			dependencies = (
				3DC6389A270A2F530000E9FB /* PBXTargetDependency */,
			);
			name = EternitiesMapTests;
			productName = EternitiesMapTests;
			productReference = 3DC63898270A2F530000E9FB /* EternitiesMapTests.xctest */;
			productType = "com.apple.product-type.bundle.unit-test";
		};
		3DC638A1270A2F530000E9FB /* EternitiesMapUITests */ = {
			isa = PBXNativeTarget;
			buildConfigurationList = 3DC638B0270A2F530000E9FB /* Build configuration list for PBXNativeTarget "EternitiesMapUITests" */;
			buildPhases = (
				3DC6389E270A2F530000E9FB /* Sources */,
				3DC6389F270A2F530000E9FB /* Frameworks */,
				3DC638A0270A2F530000E9FB /* Resources */,
			);
			buildRules = (
			);
			dependencies = (
				3DC638A4270A2F530000E9FB /* PBXTargetDependency */,
			);
			name = EternitiesMapUITests;
			productName = EternitiesMapUITests;
			productReference = 3DC638A2270A2F530000E9FB /* EternitiesMapUITests.xctest */;
			productType = "com.apple.product-type.bundle.ui-testing";
		};
/* End PBXNativeTarget section */

/* Begin PBXProject section */
		3DC63880270A2F520000E9FB /* Project object */ = {
			isa = PBXProject;
			attributes = {
				BuildIndependentTargetsInParallel = 1;
				LastSwiftUpdateCheck = 1300;
				LastUpgradeCheck = 1300;
				TargetAttributes = {
					3DC63887270A2F520000E9FB = {
						CreatedOnToolsVersion = 13.0;
					};
					3DC63897270A2F530000E9FB = {
						CreatedOnToolsVersion = 13.0;
						TestTargetID = 3DC63887270A2F520000E9FB;
					};
					3DC638A1270A2F530000E9FB = {
						CreatedOnToolsVersion = 13.0;
						TestTargetID = 3DC63887270A2F520000E9FB;
					};
				};
			};
			buildConfigurationList = 3DC63883270A2F520000E9FB /* Build configuration list for PBXProject "EternitiesMap" */;
			compatibilityVersion = "Xcode 13.0";
			developmentRegion = en;
			hasScannedForEncodings = 0;
			knownRegions = (
				en,
				Base,
			);
			mainGroup = 3DC6387F270A2F520000E9FB;
			productRefGroup = 3DC63889270A2F520000E9FB /* Products */;
			projectDirPath = "";
			projectRoot = "";
			targets = (
				3DC63887270A2F520000E9FB /* EternitiesMap */,
				3DC63897270A2F530000E9FB /* EternitiesMapTests */,
				3DC638A1270A2F530000E9FB /* EternitiesMapUITests */,
			);
		};
/* End PBXProject section */

/* Begin PBXResourcesBuildPhase section */
		3DC63886270A2F520000E9FB /* Resources */ = {
			isa = PBXResourcesBuildPhase;
			buildActionMask = 2147483647;
			files = (
				3DC63893270A2F530000E9FB /* Preview Assets.xcassets in Resources */,
				3DC63890270A2F530000E9FB /* Assets.xcassets in Resources */,
			);
			runOnlyForDeploymentPostprocessing = 0;
		};
		3DC63896270A2F530000E9FB /* Resources */ = {
			isa = PBXResourcesBuildPhase;
			buildActionMask = 2147483647;
			files = (
			);
			runOnlyForDeploymentPostprocessing = 0;
		};
		3DC638A0270A2F530000E9FB /* Resources */ = {
			isa = PBXResourcesBuildPhase;
			buildActionMask = 2147483647;
			files = (
			);
			runOnlyForDeploymentPostprocessing = 0;
		};
/* End PBXResourcesBuildPhase section */

/* Begin PBXSourcesBuildPhase section */
		3DC63884270A2F520000E9FB /* Sources */ = {
			isa = PBXSourcesBuildPhase;
			buildActionMask = 2147483647;
			files = (
				3DC6388E270A2F520000E9FB /* ContentView.swift in Sources */,
				3DC6388C270A2F520000E9FB /* EternitiesMapApp.swift in Sources */,
			);
			runOnlyForDeploymentPostprocessing = 0;
		};
		3DC63894270A2F530000E9FB /* Sources */ = {
			isa = PBXSourcesBuildPhase;
			buildActionMask = 2147483647;
			files = (
				3DC6389D270A2F530000E9FB /* EternitiesMapTests.swift in Sources */,
			);
			runOnlyForDeploymentPostprocessing = 0;
		};
		3DC6389E270A2F530000E9FB /* Sources */ = {
			isa = PBXSourcesBuildPhase;
			buildActionMask = 2147483647;
			files = (
				3DC638A7270A2F530000E9FB /* EternitiesMapUITests.swift in Sources */,
			);
			runOnlyForDeploymentPostprocessing = 0;
		};
/* End PBXSourcesBuildPhase section */

/* Begin PBXTargetDependency section */
		3DC6389A270A2F530000E9FB /* PBXTargetDependency */ = {
			isa = PBXTargetDependency;
			target = 3DC63887270A2F520000E9FB /* EternitiesMap */;
			targetProxy = 3DC63899270A2F530000E9FB /* PBXContainerItemProxy */;
		};
		3DC638A4270A2F530000E9FB /* PBXTargetDependency */ = {
			isa = PBXTargetDependency;
			target = 3DC63887270A2F520000E9FB /* EternitiesMap */;
			targetProxy = 3DC638A3270A2F530000E9FB /* PBXContainerItemProxy */;
		};
/* End PBXTargetDependency section */

/* Begin XCBuildConfiguration section */
		3DC638A8270A2F530000E9FB /* Debug */ = {
			isa = XCBuildConfiguration;
			buildSettings = {
				ALWAYS_SEARCH_USER_PATHS = NO;
				CLANG_ANALYZER_NONNULL = YES;
				CLANG_ANALYZER_NUMBER_OBJECT_CONVERSION = YES_AGGRESSIVE;
				CLANG_CXX_LANGUAGE_STANDARD = "gnu++17";
				CLANG_CXX_LIBRARY = "libc++";
				CLANG_ENABLE_MODULES = YES;
				CLANG_ENABLE_OBJC_ARC = YES;
				CLANG_ENABLE_OBJC_WEAK = YES;
				CLANG_WARN_BLOCK_CAPTURE_AUTORELEASING = YES;
				CLANG_WARN_BOOL_CONVERSION = YES;
				CLANG_WARN_COMMA = YES;
				CLANG_WARN_CONSTANT_CONVERSION = YES;
				CLANG_WARN_DEPRECATED_OBJC_IMPLEMENTATIONS = YES;
				CLANG_WARN_DIRECT_OBJC_ISA_USAGE = YES_ERROR;
				CLANG_WARN_DOCUMENTATION_COMMENTS = YES;
				CLANG_WARN_EMPTY_BODY = YES;
				CLANG_WARN_ENUM_CONVERSION = YES;
				CLANG_WARN_INFINITE_RECURSION = YES;
				CLANG_WARN_INT_CONVERSION = YES;
				CLANG_WARN_NON_LITERAL_NULL_CONVERSION = YES;
				CLANG_WARN_OBJC_IMPLICIT_RETAIN_SELF = YES;
				CLANG_WARN_OBJC_LITERAL_CONVERSION = YES;
				CLANG_WARN_OBJC_ROOT_CLASS = YES_ERROR;
				CLANG_WARN_QUOTED_INCLUDE_IN_FRAMEWORK_HEADER = YES;
				CLANG_WARN_RANGE_LOOP_ANALYSIS = YES;
				CLANG_WARN_STRICT_PROTOTYPES = YES;
				CLANG_WARN_SUSPICIOUS_MOVE = YES;
				CLANG_WARN_UNGUARDED_AVAILABILITY = YES_AGGRESSIVE;
				CLANG_WARN_UNREACHABLE_CODE = YES;
				CLANG_WARN__DUPLICATE_METHOD_MATCH = YES;
				COPY_PHASE_STRIP = NO;
				DEBUG_INFORMATION_FORMAT = dwarf;
				ENABLE_STRICT_OBJC_MSGSEND = YES;
				ENABLE_TESTABILITY = YES;
				GCC_C_LANGUAGE_STANDARD = gnu11;
				GCC_DYNAMIC_NO_PIC = NO;
				GCC_NO_COMMON_BLOCKS = YES;
				GCC_OPTIMIZATION_LEVEL = 0;
				GCC_PREPROCESSOR_DEFINITIONS = (
					"DEBUG=1",
					"$(inherited)",
				);
				GCC_WARN_64_TO_32_BIT_CONVERSION = YES;
				GCC_WARN_ABOUT_RETURN_TYPE = YES_ERROR;
				GCC_WARN_UNDECLARED_SELECTOR = YES;
				GCC_WARN_UNINITIALIZED_AUTOS = YES_AGGRESSIVE;
				GCC_WARN_UNUSED_FUNCTION = YES;
				GCC_WARN_UNUSED_VARIABLE = YES;
				IPHONEOS_DEPLOYMENT_TARGET = 15.0;
				MTL_ENABLE_DEBUG_INFO = INCLUDE_SOURCE;
				MTL_FAST_MATH = YES;
				ONLY_ACTIVE_ARCH = YES;
				SDKROOT = iphoneos;
				SWIFT_ACTIVE_COMPILATION_CONDITIONS = DEBUG;
				SWIFT_OPTIMIZATION_LEVEL = "-Onone";
			};
			name = Debug;
		};
		3DC638A9270A2F530000E9FB /* Release */ = {
			isa = XCBuildConfiguration;
			buildSettings = {
				ALWAYS_SEARCH_USER_PATHS = NO;
				CLANG_ANALYZER_NONNULL = YES;
				CLANG_ANALYZER_NUMBER_OBJECT_CONVERSION = YES_AGGRESSIVE;
				CLANG_CXX_LANGUAGE_STANDARD = "gnu++17";
				CLANG_CXX_LIBRARY = "libc++";
				CLANG_ENABLE_MODULES = YES;
				CLANG_ENABLE_OBJC_ARC = YES;
				CLANG_ENABLE_OBJC_WEAK = YES;
				CLANG_WARN_BLOCK_CAPTURE_AUTORELEASING = YES;
				CLANG_WARN_BOOL_CONVERSION = YES;
				CLANG_WARN_COMMA = YES;
				CLANG_WARN_CONSTANT_CONVERSION = YES;
				CLANG_WARN_DEPRECATED_OBJC_IMPLEMENTATIONS = YES;
				CLANG_WARN_DIRECT_OBJC_ISA_USAGE = YES_ERROR;
				CLANG_WARN_DOCUMENTATION_COMMENTS = YES;
				CLANG_WARN_EMPTY_BODY = YES;
				CLANG_WARN_ENUM_CONVERSION = YES;
				CLANG_WARN_INFINITE_RECURSION = YES;
				CLANG_WARN_INT_CONVERSION = YES;
				CLANG_WARN_NON_LITERAL_NULL_CONVERSION = YES;
				CLANG_WARN_OBJC_IMPLICIT_RETAIN_SELF = YES;
				CLANG_WARN_OBJC_LITERAL_CONVERSION = YES;
				CLANG_WARN_OBJC_ROOT_CLASS = YES_ERROR;
				CLANG_WARN_QUOTED_INCLUDE_IN_FRAMEWORK_HEADER = YES;
				CLANG_WARN_RANGE_LOOP_ANALYSIS = YES;
				CLANG_WARN_STRICT_PROTOTYPES = YES;
				CLANG_WARN_SUSPICIOUS_MOVE = YES;
				CLANG_WARN_UNGUARDED_AVAILABILITY = YES_AGGRESSIVE;
				CLANG_WARN_UNREACHABLE_CODE = YES;
				CLANG_WARN__DUPLICATE_METHOD_MATCH = YES;
				COPY_PHASE_STRIP = NO;
				DEBUG_INFORMATION_FORMAT = "dwarf-with-dsym";
				ENABLE_NS_ASSERTIONS = NO;
				ENABLE_STRICT_OBJC_MSGSEND = YES;
				GCC_C_LANGUAGE_STANDARD = gnu11;
				GCC_NO_COMMON_BLOCKS = YES;
				GCC_WARN_64_TO_32_BIT_CONVERSION = YES;
				GCC_WARN_ABOUT_RETURN_TYPE = YES_ERROR;
				GCC_WARN_UNDECLARED_SELECTOR = YES;
				GCC_WARN_UNINITIALIZED_AUTOS = YES_AGGRESSIVE;
				GCC_WARN_UNUSED_FUNCTION = YES;
				GCC_WARN_UNUSED_VARIABLE = YES;
				IPHONEOS_DEPLOYMENT_TARGET = 15.0;
				MTL_ENABLE_DEBUG_INFO = NO;
				MTL_FAST_MATH = YES;
				SDKROOT = iphoneos;
				SWIFT_COMPILATION_MODE = wholemodule;
				SWIFT_OPTIMIZATION_LEVEL = "-O";
				VALIDATE_PRODUCT = YES;
			};
			name = Release;
		};
		3DC638AB270A2F530000E9FB /* Debug */ = {
			isa = XCBuildConfiguration;
			buildSettings = {
				ASSETCATALOG_COMPILER_APPICON_NAME = AppIcon;
				ASSETCATALOG_COMPILER_GLOBAL_ACCENT_COLOR_NAME = AccentColor;
				CODE_SIGN_STYLE = Automatic;
				CURRENT_PROJECT_VERSION = 1;
				DEVELOPMENT_ASSET_PATHS = "\"EternitiesMap/Preview Content\"";
				ENABLE_PREVIEWS = YES;
				GENERATE_INFOPLIST_FILE = YES;
				INFOPLIST_KEY_UIApplicationSceneManifest_Generation = YES;
				INFOPLIST_KEY_UIApplicationSupportsIndirectInputEvents = YES;
				INFOPLIST_KEY_UILaunchScreen_Generation = YES;
				INFOPLIST_KEY_UISupportedInterfaceOrientations_iPad = "UIInterfaceOrientationPortrait UIInterfaceOrientationPortraitUpsideDown UIInterfaceOrientationLandscapeLeft UIInterfaceOrientationLandscapeRight";
				INFOPLIST_KEY_UISupportedInterfaceOrientations_iPhone = "UIInterfaceOrientationPortrait UIInterfaceOrientationLandscapeLeft UIInterfaceOrientationLandscapeRight";
				IPHONEOS_DEPLOYMENT_TARGET = 15.0;
				LD_RUNPATH_SEARCH_PATHS = (
					"$(inherited)",
					"@executable_path/Frameworks",
				);
				MARKETING_VERSION = 1.0;
				PRODUCT_BUNDLE_IDENTIFIER = com.czeluff.EternitiesMap;
				PRODUCT_NAME = "$(TARGET_NAME)";
				SWIFT_EMIT_LOC_STRINGS = YES;
				SWIFT_VERSION = 5.0;
				TARGETED_DEVICE_FAMILY = "1,2";
			};
			name = Debug;
		};
		3DC638AC270A2F530000E9FB /* Release */ = {
			isa = XCBuildConfiguration;
			buildSettings = {
				ASSETCATALOG_COMPILER_APPICON_NAME = AppIcon;
				ASSETCATALOG_COMPILER_GLOBAL_ACCENT_COLOR_NAME = AccentColor;
				CODE_SIGN_STYLE = Automatic;
				CURRENT_PROJECT_VERSION = 1;
				DEVELOPMENT_ASSET_PATHS = "\"EternitiesMap/Preview Content\"";
				ENABLE_PREVIEWS = YES;
				GENERATE_INFOPLIST_FILE = YES;
				INFOPLIST_KEY_UIApplicationSceneManifest_Generation = YES;
				INFOPLIST_KEY_UIApplicationSupportsIndirectInputEvents = YES;
				INFOPLIST_KEY_UILaunchScreen_Generation = YES;
				INFOPLIST_KEY_UISupportedInterfaceOrientations_iPad = "UIInterfaceOrientationPortrait UIInterfaceOrientationPortraitUpsideDown UIInterfaceOrientationLandscapeLeft UIInterfaceOrientationLandscapeRight";
				INFOPLIST_KEY_UISupportedInterfaceOrientations_iPhone = "UIInterfaceOrientationPortrait UIInterfaceOrientationLandscapeLeft UIInterfaceOrientationLandscapeRight";
				IPHONEOS_DEPLOYMENT_TARGET = 15.0;
				LD_RUNPATH_SEARCH_PATHS = (
					"$(inherited)",
					"@executable_path/Frameworks",
				);
				MARKETING_VERSION = 1.0;
				PRODUCT_BUNDLE_IDENTIFIER = com.czeluff.EternitiesMap;
				PRODUCT_NAME = "$(TARGET_NAME)";
				SWIFT_EMIT_LOC_STRINGS = YES;
				SWIFT_VERSION = 5.0;
				TARGETED_DEVICE_FAMILY = "1,2";
			};
			name = Release;
		};
		3DC638AE270A2F530000E9FB /* Debug */ = {
			isa = XCBuildConfiguration;
			buildSettings = {
				ALWAYS_EMBED_SWIFT_STANDARD_LIBRARIES = YES;
				BUNDLE_LOADER = "$(TEST_HOST)";
				CODE_SIGN_STYLE = Automatic;
				CURRENT_PROJECT_VERSION = 1;
				GENERATE_INFOPLIST_FILE = YES;
				IPHONEOS_DEPLOYMENT_TARGET = 14.0;
				LD_RUNPATH_SEARCH_PATHS = (
					"$(inherited)",
					"@executable_path/Frameworks",
					"@loader_path/Frameworks",
				);
				MARKETING_VERSION = 1.0;
				PRODUCT_BUNDLE_IDENTIFIER = com.czeluff.EternitiesMapTests;
				PRODUCT_NAME = "$(TARGET_NAME)";
				SWIFT_EMIT_LOC_STRINGS = NO;
				SWIFT_VERSION = 5.0;
				TARGETED_DEVICE_FAMILY = "1,2";
				TEST_HOST = "$(BUILT_PRODUCTS_DIR)/EternitiesMap.app/EternitiesMap";
			};
			name = Debug;
		};
		3DC638AF270A2F530000E9FB /* Release */ = {
			isa = XCBuildConfiguration;
			buildSettings = {
				ALWAYS_EMBED_SWIFT_STANDARD_LIBRARIES = YES;
				BUNDLE_LOADER = "$(TEST_HOST)";
				CODE_SIGN_STYLE = Automatic;
				CURRENT_PROJECT_VERSION = 1;
				GENERATE_INFOPLIST_FILE = YES;
				IPHONEOS_DEPLOYMENT_TARGET = 14.0;
				LD_RUNPATH_SEARCH_PATHS = (
					"$(inherited)",
					"@executable_path/Frameworks",
					"@loader_path/Frameworks",
				);
				MARKETING_VERSION = 1.0;
				PRODUCT_BUNDLE_IDENTIFIER = com.czeluff.EternitiesMapTests;
				PRODUCT_NAME = "$(TARGET_NAME)";
				SWIFT_EMIT_LOC_STRINGS = NO;
				SWIFT_VERSION = 5.0;
				TARGETED_DEVICE_FAMILY = "1,2";
				TEST_HOST = "$(BUILT_PRODUCTS_DIR)/EternitiesMap.app/EternitiesMap";
			};
			name = Release;
		};
		3DC638B1270A2F530000E9FB /* Debug */ = {
			isa = XCBuildConfiguration;
			buildSettings = {
				ALWAYS_EMBED_SWIFT_STANDARD_LIBRARIES = YES;
				CODE_SIGN_STYLE = Automatic;
				CURRENT_PROJECT_VERSION = 1;
				GENERATE_INFOPLIST_FILE = YES;
				LD_RUNPATH_SEARCH_PATHS = (
					"$(inherited)",
					"@executable_path/Frameworks",
					"@loader_path/Frameworks",
				);
				MARKETING_VERSION = 1.0;
				PRODUCT_BUNDLE_IDENTIFIER = com.czeluff.EternitiesMapUITests;
				PRODUCT_NAME = "$(TARGET_NAME)";
				SWIFT_EMIT_LOC_STRINGS = NO;
				SWIFT_VERSION = 5.0;
				TARGETED_DEVICE_FAMILY = "1,2";
				TEST_TARGET_NAME = EternitiesMap;
			};
			name = Debug;
		};
		3DC638B2270A2F530000E9FB /* Release */ = {
			isa = XCBuildConfiguration;
			buildSettings = {
				ALWAYS_EMBED_SWIFT_STANDARD_LIBRARIES = YES;
				CODE_SIGN_STYLE = Automatic;
				CURRENT_PROJECT_VERSION = 1;
				GENERATE_INFOPLIST_FILE = YES;
				LD_RUNPATH_SEARCH_PATHS = (
					"$(inherited)",
					"@executable_path/Frameworks",
					"@loader_path/Frameworks",
				);
				MARKETING_VERSION = 1.0;
				PRODUCT_BUNDLE_IDENTIFIER = com.czeluff.EternitiesMapUITests;
				PRODUCT_NAME = "$(TARGET_NAME)";
				SWIFT_EMIT_LOC_STRINGS = NO;
				SWIFT_VERSION = 5.0;
				TARGETED_DEVICE_FAMILY = "1,2";
				TEST_TARGET_NAME = EternitiesMap;
			};
			name = Release;
		};
/* End XCBuildConfiguration section */

/* Begin XCConfigurationList section */
		3DC63883270A2F520000E9FB /* Build configuration list for PBXProject "EternitiesMap" */ = {
			isa = XCConfigurationList;
			buildConfigurations = (
				3DC638A8270A2F530000E9FB /* Debug */,
				3DC638A9270A2F530000E9FB /* Release */,
			);
			defaultConfigurationIsVisible = 0;
			defaultConfigurationName = Release;
		};
		3DC638AA270A2F530000E9FB /* Build configuration list for PBXNativeTarget "EternitiesMap" */ = {
			isa = XCConfigurationList;
			buildConfigurations = (
				3DC638AB270A2F530000E9FB /* Debug */,
				3DC638AC270A2F530000E9FB /* Release */,
			);
			defaultConfigurationIsVisible = 0;
			defaultConfigurationName = Release;
		};
		3DC638AD270A2F530000E9FB /* Build configuration list for PBXNativeTarget "EternitiesMapTests" */ = {
			isa = XCConfigurationList;
			buildConfigurations = (
				3DC638AE270A2F530000E9FB /* Debug */,
				3DC638AF270A2F530000E9FB /* Release */,
			);
			defaultConfigurationIsVisible = 0;
			defaultConfigurationName = Release;
		};
		3DC638B0270A2F530000E9FB /* Build configuration list for PBXNativeTarget "EternitiesMapUITests" */ = {
			isa = XCConfigurationList;
			buildConfigurations = (
				3DC638B1270A2F530000E9FB /* Debug */,
				3DC638B2270A2F530000E9FB /* Release */,
			);
			defaultConfigurationIsVisible = 0;
			defaultConfigurationName = Release;
		};
/* End XCConfigurationList section */
	};
	rootObject = 3DC63880270A2F520000E9FB /* Project object */;
}
